PODS:
  - Alamofire (4.9.1)
  - IQKeyboardManagerSwift (6.5.9)
  - PullToRefreshKit (0.8.8)
  - SDWebImage (5.8.0):
    - SDWebImage/Core (= 5.8.0)
  - SDWebImage/Core (5.8.0)
  - SwiftyJSON (5.0.0)
  - ZVActivityIndicatorView (1.0.0)
  - ZVProgressHUD (3.0.6):
    - ZVActivityIndicatorView

DEPENDENCIES:
  - Alamofire (~> 4.9.1)
  - IQKeyboardManagerSwift (~> 6.5)
  - PullToRefreshKit
  - SDWebImage (= 5.8.0)
  - SwiftyJSON (= 5.0.0)
  - ZVProgressHUD

SPEC REPOS:
  trunk:
    - Alamofire
    - IQKeyboardManagerSwift
    - PullToRefreshKit
    - SDWebImage
    - SwiftyJSON
    - ZVActivityIndicatorView
    - ZVProgressHUD

SPEC CHECKSUMS:
  Alamofire: 85e8a02c69d6020a0d734f6054870d7ecb75cf18
  IQKeyboardManagerSwift: 6e839c575c4aa1078d58a596e41244e77abe918f
  PullToRefreshKit: 7cc53e720e69f135cffa1a57784dfb534f0222ab
  SDWebImage: 84000f962cbfa70c07f19d2234cbfcf5d779b5dc
  SwiftyJSON: 36413e04c44ee145039d332b4f4e2d3e8d6c4db7
  ZVActivityIndicatorView: fea0b3a8d8e0f54a106db3c6d543f7d5444cd9ea
  ZVProgressHUD: dfa70d6d3a0ba98826f2fd9b73d2e2b01a69967e

PODFILE CHECKSUM: 260d361bcc01b943af82c8b0843ff99e544e468e

COCOAPODS: 1.11.2
